schema: '2.0'
stages:
  preprocess:
    cmd: python src/data/preprocess.py
    deps:
    - path: configs/config.yaml
      hash: md5
      md5: edb639b5815c02839a22f8305e9e81e9
      size: 302
    - path: data/raw/ml-1m/movies.dat
      hash: md5
      md5: ef9fd9ff8d1b33faf73e2122c371e910
      size: 171308
    - path: data/raw/ml-1m/ratings.dat
      hash: md5
      md5: a89aa3591bc97d6d4e0c89459ff39362
      size: 24594131
    - path: src/data/preprocess.py
      hash: md5
      md5: 84551dd92f5c1145f509e1f5e5d7bd19
      size: 2596
    outs:
    - path: data/processed/metrics.json
      hash: md5
      md5: 63cc4a1cd40801e05a64f610d1ece955
      size: 140
    - path: data/processed/ratings_clean.csv
      hash: md5
      md5: 44dd49676ce59308ed6b4afa184e9b5e
      size: 41247846
    - path: data/processed/test.csv
      hash: md5
      md5: 75a7a52ae0dd35f4e86311d2bc45b504
      size: 10130488
    - path: data/processed/train.csv
      hash: md5
      md5: 28f20bf563a38f24b6c8c53ec7cb5d3d
      size: 31117417
  train:
    cmd: python src/models/train.py
    deps:
    - path: configs/config.yaml
      hash: md5
      md5: edb639b5815c02839a22f8305e9e81e9
      size: 302
    - path: data/features/interaction_features.parquet
      hash: md5
      md5: 860b4451e016763fdc047b6c8337f064
      size: 6345910
    - path: data/features/movie_features.parquet
      hash: md5
      md5: fa0011995520cb74c65c1f69fda16b4f
      size: 139657
    - path: data/features/user_features.parquet
      hash: md5
      md5: 8c0590ba5b45f91da45a2e0985b68d46
      size: 286244
    - path: src/models/train.py
      hash: md5
      md5: 1036d8bb98f530e86b719b509f61f683
      size: 2736
    outs:
    - path: models/metrics.json
      hash: md5
      md5: 0f27af6de643654fa42640f523830abb
      size: 33
    - path: models/recommender.pkl
      hash: md5
      md5: 31d7528b350ee4c4fb5b9b7c496411f3
      size: 88916
  validate:
    cmd: python src/data/validate.py
    deps:
    - path: data/processed/train.csv
      hash: md5
      md5: 28f20bf563a38f24b6c8c53ec7cb5d3d
      size: 31117417
    - path: src/data/validate.py
      hash: md5
      md5: f7bcf8d75a50f2042af2636f0911d844
      size: 3647
    outs:
    - path: data/processed/validation_report.json
      hash: md5
      md5: 449c4a6cd3e037ee2db8e6f580e315aa
      size: 963
  build_features:
    cmd: python src/features/build_features.py
    deps:
    - path: data/processed/train.csv
      hash: md5
      md5: 28f20bf563a38f24b6c8c53ec7cb5d3d
      size: 31117417
    - path: src/features/build_features.py
      hash: md5
      md5: 883db3b3a2ac64e0ff30592c9426c629
      size: 4303
    outs:
    - path: data/features/interaction_features.parquet
      hash: md5
      md5: 860b4451e016763fdc047b6c8337f064
      size: 6345910
    - path: data/features/metrics.json
      hash: md5
      md5: aec38bd6c73ad4fccd9fb8a1772250a9
      size: 80
    - path: data/features/movie_features.parquet
      hash: md5
      md5: fa0011995520cb74c65c1f69fda16b4f
      size: 139657
    - path: data/features/user_features.parquet
      hash: md5
      md5: 8c0590ba5b45f91da45a2e0985b68d46
      size: 286244
  build_advanced_features:
    cmd: python src/features/build_advanced_features.py
    deps:
    - path: data/processed/train.csv
      hash: md5
      md5: 28f20bf563a38f24b6c8c53ec7cb5d3d
      size: 31117417
    - path: src/features/build_advanced_features.py
      hash: md5
      md5: 6ca83863ed4e50ab35401842ef80f361
      size: 3008
    outs:
    - path: data/features/clean_features.parquet
      hash: md5
      md5: 3928683d79fb618e1993e39f7a6b2967
      size: 8034470
    - path: data/features/movie_embeddings.parquet
      hash: md5
      md5: f8f71ee59f7a342b9a34ace58f27d56e
      size: 162059
    - path: data/features/user_embeddings.parquet
      hash: md5
      md5: ab2f33862824d02ec7d11fe171e4be02
      size: 231243
  check_leakage:
    cmd: python src/features/check_leakage.py
    deps:
    - path: data/features/clean_features.parquet
      hash: md5
      md5: 3928683d79fb618e1993e39f7a6b2967
      size: 8034470
    - path: src/features/check_leakage.py
      hash: md5
      md5: 51cc69792ede8fea04254f7f9a57bcd7
      size: 1865
    outs:
    - path: data/features/leakage_report.json
      hash: md5
      md5: 37d2e707cd6e989642e641073df5d223
      size: 115
